{
  "name": "ng-appinsights",
  "version": "11.1.0",
  "lockfileVersion": 2,
  "requires": true,
  "packages": {
    "": {
      "name": "ng-appinsights",
      "version": "11.1.0",
      "license": "MIT",
      "dependencies": {
        "@microsoft/applicationinsights-web": "^2.7.4",
        "tslib": "^2.3.1"
      },
      "peerDependencies": {
        "@angular/core": "^11.0.0 || ^12.0.0 || ^13.0.0 || ^14.0.0 || ^15.0.0"
      }
    },
    "node_modules/@angular/core": {
      "version": "11.2.14",
      "resolved": "https://registry.npmjs.org/@angular/core/-/core-11.2.14.tgz",
      "integrity": "sha512-vpR4XqBGitk1Faph37CSpemwIYTmJ3pdIVNoHKP6jLonpWu+0azkchf0f7oD8/2ivj2F81opcIw0tcsy/D/5Vg==",
      "peer": true,
      "dependencies": {
        "tslib": "^2.0.0"
      },
      "peerDependencies": {
        "rxjs": "^6.5.3",
        "zone.js": "^0.10.2 || ^0.11.3"
      }
    },
    "node_modules/@microsoft/applicationinsights-analytics-js": {
      "version": "2.7.4",
      "resolved": "https://registry.npmjs.org/@microsoft/applicationinsights-analytics-js/-/applicationinsights-analytics-js-2.7.4.tgz",
      "integrity": "sha512-jX5qbqAQRbWcSRLSyPe8uITWGz+aVLYnyHuX5MLjIMJ/JXtWkfOY8n8YTGQaZ0VH0oHmMioHtBqvw/IchUSZ4Q==",
      "dependencies": {
        "@microsoft/applicationinsights-common": "2.7.4",
        "@microsoft/applicationinsights-core-js": "2.7.4",
        "@microsoft/applicationinsights-shims": "2.0.1",
        "@microsoft/dynamicproto-js": "^1.1.4"
      },
      "peerDependencies": {
        "tslib": "*"
      }
    },
    "node_modules/@microsoft/applicationinsights-channel-js": {
      "version": "2.7.4",
      "resolved": "https://registry.npmjs.org/@microsoft/applicationinsights-channel-js/-/applicationinsights-channel-js-2.7.4.tgz",
      "integrity": "sha512-pcKn2fbF+hDbmWITsE8aN07FVRVZn/NxAUKbouudG6QWNvSNSpMuep88yxlU8mSP2imWjuXIFP6NuGNOEXec8w==",
      "dependencies": {
        "@microsoft/applicationinsights-common": "2.7.4",
        "@microsoft/applicationinsights-core-js": "2.7.4",
        "@microsoft/applicationinsights-shims": "2.0.1",
        "@microsoft/dynamicproto-js": "^1.1.4"
      },
      "peerDependencies": {
        "tslib": "*"
      }
    },
    "node_modules/@microsoft/applicationinsights-common": {
      "version": "2.7.4",
      "resolved": "https://registry.npmjs.org/@microsoft/applicationinsights-common/-/applicationinsights-common-2.7.4.tgz",
      "integrity": "sha512-tLcU9AHTescd09/EZ4uXoEVCOCMjkTgzblc7lZECOU7mm51VQrDCdlYQ3Br9lnNnyOrFw0+f3o+O9ock55I05g==",
      "dependencies": {
        "@microsoft/applicationinsights-core-js": "2.7.4",
        "@microsoft/applicationinsights-shims": "2.0.1",
        "@microsoft/dynamicproto-js": "^1.1.4"
      },
      "peerDependencies": {
        "tslib": "*"
      }
    },
    "node_modules/@microsoft/applicationinsights-core-js": {
      "version": "2.7.4",
      "resolved": "https://registry.npmjs.org/@microsoft/applicationinsights-core-js/-/applicationinsights-core-js-2.7.4.tgz",
      "integrity": "sha512-PlJ/ITQjvDhirdo7CSloSx5UTDntou9MF+nYgc+W/wM9vPYnz3gFfiuY59L30si3C3zSBMmUTLuDnXRvgLGRAw==",
      "dependencies": {
        "@microsoft/applicationinsights-shims": "2.0.1",
        "@microsoft/dynamicproto-js": "^1.1.4"
      },
      "peerDependencies": {
        "tslib": "*"
      }
    },
    "node_modules/@microsoft/applicationinsights-dependencies-js": {
      "version": "2.7.4",
      "resolved": "https://registry.npmjs.org/@microsoft/applicationinsights-dependencies-js/-/applicationinsights-dependencies-js-2.7.4.tgz",
      "integrity": "sha512-rwJWZ4a3k943fwejgT8Lr3sfXZRrLcho7V9Q+EIZdzxZkDzVJxj33CF6Kb8TIISgxgG9yqr3rDBsG/GLhgQ2iA==",
      "dependencies": {
        "@microsoft/applicationinsights-common": "2.7.4",
        "@microsoft/applicationinsights-core-js": "2.7.4",
        "@microsoft/applicationinsights-shims": "2.0.1",
        "@microsoft/dynamicproto-js": "^1.1.4"
      },
      "peerDependencies": {
        "tslib": "*"
      }
    },
    "node_modules/@microsoft/applicationinsights-properties-js": {
      "version": "2.7.4",
      "resolved": "https://registry.npmjs.org/@microsoft/applicationinsights-properties-js/-/applicationinsights-properties-js-2.7.4.tgz",
      "integrity": "sha512-kqYpQxMuK+EGoD2Q1rY+7NiEUsIRO3gepxBVn+ptUDtOsQGgAra/v/x5FqiKWcdVWyyESl/9e1FKoiMe9MKdlA==",
      "dependencies": {
        "@microsoft/applicationinsights-common": "2.7.4",
        "@microsoft/applicationinsights-core-js": "2.7.4",
        "@microsoft/applicationinsights-shims": "2.0.1",
        "@microsoft/dynamicproto-js": "^1.1.4"
      },
      "peerDependencies": {
        "tslib": "*"
      }
    },
    "node_modules/@microsoft/applicationinsights-shims": {
      "version": "2.0.1",
      "resolved": "https://registry.npmjs.org/@microsoft/applicationinsights-shims/-/applicationinsights-shims-2.0.1.tgz",
      "integrity": "sha512-G0MXf6R6HndRbDy9BbEj0zrLeuhwt2nsXk2zKtF0TnYo39KgYqhYC2ayIzKPTm2KAE+xzD7rgyLdZnrcRvt9WQ=="
    },
    "node_modules/@microsoft/applicationinsights-web": {
      "version": "2.7.4",
      "resolved": "https://registry.npmjs.org/@microsoft/applicationinsights-web/-/applicationinsights-web-2.7.4.tgz",
      "integrity": "sha512-9IncUpF80vndiyOHLhYkSJZwdFXkELOhIdtr+EiVWzVSsbpJvU5jVn0IzOXGMnuhY3e61nTyJxCVovLCXnrKtQ==",
      "dependencies": {
        "@microsoft/applicationinsights-analytics-js": "2.7.4",
        "@microsoft/applicationinsights-channel-js": "2.7.4",
        "@microsoft/applicationinsights-common": "2.7.4",
        "@microsoft/applicationinsights-core-js": "2.7.4",
        "@microsoft/applicationinsights-dependencies-js": "2.7.4",
        "@microsoft/applicationinsights-properties-js": "2.7.4",
        "@microsoft/applicationinsights-shims": "2.0.1",
        "@microsoft/dynamicproto-js": "^1.1.4"
      },
      "peerDependencies": {
        "tslib": "*"
      }
    },
    "node_modules/@microsoft/dynamicproto-js": {
      "version": "1.1.4",
      "resolved": "https://registry.npmjs.org/@microsoft/dynamicproto-js/-/dynamicproto-js-1.1.4.tgz",
      "integrity": "sha512-Ot53G927ykMF8cQ3/zq4foZtdk+Tt1YpX7aUTHxBU7UHNdkEiBvBfZSq+rnlUmKCJ19VatwPG4mNzvcGpBj4og=="
    },
    "node_modules/rxjs": {
      "version": "6.6.7",
      "resolved": "https://registry.npmjs.org/rxjs/-/rxjs-6.6.7.tgz",
      "integrity": "sha512-hTdwr+7yYNIT5n4AMYp85KA6yw2Va0FLa3Rguvbpa4W3I5xynaBZo41cM3XM+4Q6fRMj3sBYIR1VAmZMXYJvRQ==",
      "peer": true,
      "dependencies": {
        "tslib": "^1.9.0"
      },
      "engines": {
        "npm": ">=2.0.0"
      }
    },
    "node_modules/rxjs/node_modules/tslib": {
      "version": "1.14.1",
      "resolved": "https://registry.npmjs.org/tslib/-/tslib-1.14.1.tgz",
      "integrity": "sha512-Xni35NKzjgMrwevysHTCArtLDpPvye8zV/0E4EyYn43P7/7qvQwPh9BGkHewbMulVntbigmcT7rdX3BNo9wRJg==",
      "peer": true
    },
    "node_modules/tslib": {
      "version": "2.3.1",
      "resolved": "https://registry.npmjs.org/tslib/-/tslib-2.3.1.tgz",
      "integrity": "sha512-77EbyPPpMz+FRFRuAFlWMtmgUWGe9UOG2Z25NqCwiIjRhOf5iKGuzSe5P2w1laq+FkRy4p+PCuVkJSGkzTEKVw=="
    },
    "node_modules/zone.js": {
      "version": "0.11.5",
      "resolved": "https://registry.npmjs.org/zone.js/-/zone.js-0.11.5.tgz",
      "integrity": "sha512-D1/7VxEuQ7xk6z/kAROe4SUbd9CzxY4zOwVGnGHerd/SgLIVU5f4esDzQUsOCeArn933BZfWMKydH7l7dPEp0g==",
      "peer": true,
      "dependencies": {
        "tslib": "^2.3.0"
      }
    }
  },
  "dependencies": {
    "@angular/core": {
      "version": "11.2.14",
      "resolved": "https://registry.npmjs.org/@angular/core/-/core-11.2.14.tgz",
      "integrity": "sha512-vpR4XqBGitk1Faph37CSpemwIYTmJ3pdIVNoHKP6jLonpWu+0azkchf0f7oD8/2ivj2F81opcIw0tcsy/D/5Vg==",
      "peer": true,
      "requires": {
        "tslib": "^2.0.0"
      }
    },
    "@microsoft/applicationinsights-analytics-js": {
      "version": "2.7.4",
      "resolved": "https://registry.npmjs.org/@microsoft/applicationinsights-analytics-js/-/applicationinsights-analytics-js-2.7.4.tgz",
      "integrity": "sha512-jX5qbqAQRbWcSRLSyPe8uITWGz+aVLYnyHuX5MLjIMJ/JXtWkfOY8n8YTGQaZ0VH0oHmMioHtBqvw/IchUSZ4Q==",
      "requires": {
        "@microsoft/applicationinsights-common": "2.7.4",
        "@microsoft/applicationinsights-core-js": "2.7.4",
        "@microsoft/applicationinsights-shims": "2.0.1",
        "@microsoft/dynamicproto-js": "^1.1.4"
      }
    },
    "@microsoft/applicationinsights-channel-js": {
      "version": "2.7.4",
      "resolved": "https://registry.npmjs.org/@microsoft/applicationinsights-channel-js/-/applicationinsights-channel-js-2.7.4.tgz",
      "integrity": "sha512-pcKn2fbF+hDbmWITsE8aN07FVRVZn/NxAUKbouudG6QWNvSNSpMuep88yxlU8mSP2imWjuXIFP6NuGNOEXec8w==",
      "requires": {
        "@microsoft/applicationinsights-common": "2.7.4",
        "@microsoft/applicationinsights-core-js": "2.7.4",
        "@microsoft/applicationinsights-shims": "2.0.1",
        "@microsoft/dynamicproto-js": "^1.1.4"
      }
    },
    "@microsoft/applicationinsights-common": {
      "version": "2.7.4",
      "resolved": "https://registry.npmjs.org/@microsoft/applicationinsights-common/-/applicationinsights-common-2.7.4.tgz",
      "integrity": "sha512-tLcU9AHTescd09/EZ4uXoEVCOCMjkTgzblc7lZECOU7mm51VQrDCdlYQ3Br9lnNnyOrFw0+f3o+O9ock55I05g==",
      "requires": {
        "@microsoft/applicationinsights-core-js": "2.7.4",
        "@microsoft/applicationinsights-shims": "2.0.1",
        "@microsoft/dynamicproto-js": "^1.1.4"
      }
    },
    "@microsoft/applicationinsights-core-js": {
      "version": "2.7.4",
      "resolved": "https://registry.npmjs.org/@microsoft/applicationinsights-core-js/-/applicationinsights-core-js-2.7.4.tgz",
      "integrity": "sha512-PlJ/ITQjvDhirdo7CSloSx5UTDntou9MF+nYgc+W/wM9vPYnz3gFfiuY59L30si3C3zSBMmUTLuDnXRvgLGRAw==",
      "requires": {
        "@microsoft/applicationinsights-shims": "2.0.1",
        "@microsoft/dynamicproto-js": "^1.1.4"
      }
    },
    "@microsoft/applicationinsights-dependencies-js": {
      "version": "2.7.4",
      "resolved": "https://registry.npmjs.org/@microsoft/applicationinsights-dependencies-js/-/applicationinsights-dependencies-js-2.7.4.tgz",
      "integrity": "sha512-rwJWZ4a3k943fwejgT8Lr3sfXZRrLcho7V9Q+EIZdzxZkDzVJxj33CF6Kb8TIISgxgG9yqr3rDBsG/GLhgQ2iA==",
      "requires": {
        "@microsoft/applicationinsights-common": "2.7.4",
        "@microsoft/applicationinsights-core-js": "2.7.4",
        "@microsoft/applicationinsights-shims": "2.0.1",
        "@microsoft/dynamicproto-js": "^1.1.4"
      }
    },
    "@microsoft/applicationinsights-properties-js": {
      "version": "2.7.4",
      "resolved": "https://registry.npmjs.org/@microsoft/applicationinsights-properties-js/-/applicationinsights-properties-js-2.7.4.tgz",
      "integrity": "sha512-kqYpQxMuK+EGoD2Q1rY+7NiEUsIRO3gepxBVn+ptUDtOsQGgAra/v/x5FqiKWcdVWyyESl/9e1FKoiMe9MKdlA==",
      "requires": {
        "@microsoft/applicationinsights-common": "2.7.4",
        "@microsoft/applicationinsights-core-js": "2.7.4",
        "@microsoft/applicationinsights-shims": "2.0.1",
        "@microsoft/dynamicproto-js": "^1.1.4"
      }
    },
    "@microsoft/applicationinsights-shims": {
      "version": "2.0.1",
      "resolved": "https://registry.npmjs.org/@microsoft/applicationinsights-shims/-/applicationinsights-shims-2.0.1.tgz",
      "integrity": "sha512-G0MXf6R6HndRbDy9BbEj0zrLeuhwt2nsXk2zKtF0TnYo39KgYqhYC2ayIzKPTm2KAE+xzD7rgyLdZnrcRvt9WQ=="
    },
    "@microsoft/applicationinsights-web": {
      "version": "2.7.4",
      "resolved": "https://registry.npmjs.org/@microsoft/applicationinsights-web/-/applicationinsights-web-2.7.4.tgz",
      "integrity": "sha512-9IncUpF80vndiyOHLhYkSJZwdFXkELOhIdtr+EiVWzVSsbpJvU5jVn0IzOXGMnuhY3e61nTyJxCVovLCXnrKtQ==",
      "requires": {
        "@microsoft/applicationinsights-analytics-js": "2.7.4",
        "@microsoft/applicationinsights-channel-js": "2.7.4",
        "@microsoft/applicationinsights-common": "2.7.4",
        "@microsoft/applicationinsights-core-js": "2.7.4",
        "@microsoft/applicationinsights-dependencies-js": "2.7.4",
        "@microsoft/applicationinsights-properties-js": "2.7.4",
        "@microsoft/applicationinsights-shims": "2.0.1",
        "@microsoft/dynamicproto-js": "^1.1.4"
      }
    },
    "@microsoft/dynamicproto-js": {
      "version": "1.1.4",
      "resolved": "https://registry.npmjs.org/@microsoft/dynamicproto-js/-/dynamicproto-js-1.1.4.tgz",
      "integrity": "sha512-Ot53G927ykMF8cQ3/zq4foZtdk+Tt1YpX7aUTHxBU7UHNdkEiBvBfZSq+rnlUmKCJ19VatwPG4mNzvcGpBj4og=="
    },
    "rxjs": {
      "version": "6.6.7",
      "resolved": "https://registry.npmjs.org/rxjs/-/rxjs-6.6.7.tgz",
      "integrity": "sha512-hTdwr+7yYNIT5n4AMYp85KA6yw2Va0FLa3Rguvbpa4W3I5xynaBZo41cM3XM+4Q6fRMj3sBYIR1VAmZMXYJvRQ==",
      "peer": true,
      "requires": {
        "tslib": "^1.9.0"
      },
      "dependencies": {
        "tslib": {
          "version": "1.14.1",
          "resolved": "https://registry.npmjs.org/tslib/-/tslib-1.14.1.tgz",
          "integrity": "sha512-Xni35NKzjgMrwevysHTCArtLDpPvye8zV/0E4EyYn43P7/7qvQwPh9BGkHewbMulVntbigmcT7rdX3BNo9wRJg==",
          "peer": true
        }
      }
    },
    "tslib": {
      "version": "2.3.1",
      "resolved": "https://registry.npmjs.org/tslib/-/tslib-2.3.1.tgz",
      "integrity": "sha512-77EbyPPpMz+FRFRuAFlWMtmgUWGe9UOG2Z25NqCwiIjRhOf5iKGuzSe5P2w1laq+FkRy4p+PCuVkJSGkzTEKVw=="
    },
    "zone.js": {
      "version": "0.11.5",
      "resolved": "https://registry.npmjs.org/zone.js/-/zone.js-0.11.5.tgz",
      "integrity": "sha512-D1/7VxEuQ7xk6z/kAROe4SUbd9CzxY4zOwVGnGHerd/SgLIVU5f4esDzQUsOCeArn933BZfWMKydH7l7dPEp0g==",
      "peer": true,
      "requires": {
        "tslib": "^2.3.0"
      }
    }
  }
}
