{
  "name": "ng-appinsights",
  "version": "11.0.0",
  "lockfileVersion": 1,
  "requires": true,
  "dependencies": {
    "@microsoft/applicationinsights-analytics-js": {
      "version": "2.5.11",
      "resolved": "https://registry.npmjs.org/@microsoft/applicationinsights-analytics-js/-/applicationinsights-analytics-js-2.5.11.tgz",
      "integrity": "sha512-Ug5p/BOpA5hx3Hhsaw+BPXZ6sKsvYrkqK35M8jKRGS/ZVbrqePy+4C8zBimqJKYX7PLXwLoFl803b8hc1i8KVA==",
      "requires": {
        "@microsoft/applicationinsights-common": "2.5.11",
        "@microsoft/applicationinsights-core-js": "2.5.11",
        "@microsoft/applicationinsights-shims": "1.0.3",
        "@microsoft/dynamicproto-js": "^1.1.0"
      }
    },
    "@microsoft/applicationinsights-channel-js": {
      "version": "2.5.11",
      "resolved": "https://registry.npmjs.org/@microsoft/applicationinsights-channel-js/-/applicationinsights-channel-js-2.5.11.tgz",
      "integrity": "sha512-jKQ03ZwJ1/i4kkFTFG5jfv0AxOeS9VyzVdO21nUO7/N07yVMV/l8BRlEIFdfUi6eCv8cQF2cOTtc9NAqPPy3Og==",
      "requires": {
        "@microsoft/applicationinsights-common": "2.5.11",
        "@microsoft/applicationinsights-core-js": "2.5.11",
        "@microsoft/applicationinsights-shims": "1.0.3",
        "@microsoft/dynamicproto-js": "^1.1.0"
      }
    },
    "@microsoft/applicationinsights-common": {
      "version": "2.5.11",
      "resolved": "https://registry.npmjs.org/@microsoft/applicationinsights-common/-/applicationinsights-common-2.5.11.tgz",
      "integrity": "sha512-laiJ5BeEqOiFltW32JyVHndny4R4QUcgCdl675A+t9YCsVl6y8DUxvSMT9W3AgYFLVGmrIyYSJLL0xnOT97xhg==",
      "requires": {
        "@microsoft/applicationinsights-core-js": "2.5.11",
        "@microsoft/applicationinsights-shims": "1.0.3"
      }
    },
    "@microsoft/applicationinsights-core-js": {
      "version": "2.5.11",
      "resolved": "https://registry.npmjs.org/@microsoft/applicationinsights-core-js/-/applicationinsights-core-js-2.5.11.tgz",
      "integrity": "sha512-Httm8NiFnb+gwBvMy+RcI1v9M8qu8JqIn6Wht7QnhPwaVBvwYCFLrIfoT0LOjwAGGASmFHueHMSnbboYWmiZjw==",
      "requires": {
        "@microsoft/applicationinsights-shims": "1.0.3",
        "@microsoft/dynamicproto-js": "^1.1.0"
      }
    },
    "@microsoft/applicationinsights-dependencies-js": {
      "version": "2.5.11",
      "resolved": "https://registry.npmjs.org/@microsoft/applicationinsights-dependencies-js/-/applicationinsights-dependencies-js-2.5.11.tgz",
      "integrity": "sha512-vye01TID4kpW6MbZIeAUzvNygauJvCu+0TcpwtKVeAoVBKIfnT1cPrI62ynB9e7AbNzm0AJ/Ax+iR0Y6POhEQQ==",
      "requires": {
        "@microsoft/applicationinsights-common": "2.5.11",
        "@microsoft/applicationinsights-core-js": "2.5.11",
        "@microsoft/applicationinsights-shims": "1.0.3",
        "@microsoft/dynamicproto-js": "^1.1.0"
      }
    },
    "@microsoft/applicationinsights-properties-js": {
      "version": "2.5.11",
      "resolved": "https://registry.npmjs.org/@microsoft/applicationinsights-properties-js/-/applicationinsights-properties-js-2.5.11.tgz",
      "integrity": "sha512-3RPunopAvfW4BC/yRIwkGDYwvn1aHn8f4TUzkdEnaeRzaGkU++ag5mPi9AhUC0l2gSUA8ex+TLwFJ8cgcDz5Xg==",
      "requires": {
        "@microsoft/applicationinsights-common": "2.5.11",
        "@microsoft/applicationinsights-core-js": "2.5.11",
        "@microsoft/applicationinsights-shims": "1.0.3"
      }
    },
    "@microsoft/applicationinsights-shims": {
      "version": "1.0.3",
      "resolved": "https://registry.npmjs.org/@microsoft/applicationinsights-shims/-/applicationinsights-shims-1.0.3.tgz",
      "integrity": "sha512-+S17aqEkOYpyBpmclhgwcEplwnxSo5AxYBdRg38GBobI1GKPSpZfnLssLzcjJ6XZCS5tqB5xjyTZs6gHj7ZJWQ=="
    },
    "@microsoft/applicationinsights-web": {
      "version": "2.5.11",
      "resolved": "https://registry.npmjs.org/@microsoft/applicationinsights-web/-/applicationinsights-web-2.5.11.tgz",
      "integrity": "sha512-epwFbaMzibFN12YVRDlt6sBoz9fhjk9CI8y13oGH3B3sKM4mOhdrBRMh7YRhjzVz+3ygFTq9rS9IRu2Ozj7a7A==",
      "requires": {
        "@microsoft/applicationinsights-analytics-js": "2.5.11",
        "@microsoft/applicationinsights-channel-js": "2.5.11",
        "@microsoft/applicationinsights-common": "2.5.11",
        "@microsoft/applicationinsights-core-js": "2.5.11",
        "@microsoft/applicationinsights-dependencies-js": "2.5.11",
        "@microsoft/applicationinsights-properties-js": "2.5.11",
        "@microsoft/applicationinsights-shims": "1.0.3",
        "@microsoft/dynamicproto-js": "^1.1.0"
      }
    },
    "@microsoft/dynamicproto-js": {
      "version": "1.1.0",
      "resolved": "https://registry.npmjs.org/@microsoft/dynamicproto-js/-/dynamicproto-js-1.1.0.tgz",
      "integrity": "sha512-pjcr+A6wTQHl/S4b5zQzeDMC6+9ekojCFHQAEYI4a8u9ZjWwbg4jmtO22CWEuRWWN/lBMjay9FKanlODWk5wqQ=="
    },
    "tslib": {
      "version": "2.1.0",
      "resolved": "https://registry.npmjs.org/tslib/-/tslib-2.1.0.tgz",
      "integrity": "sha512-hcVC3wYEziELGGmEEXue7D75zbwIIVUMWAVbHItGPx0ziyXxrOMQx4rQEVEV45Ut/1IotuEvwqPopzIOkDMf0A=="
    }
  }
}
