{
  "name": "ng-appinsights",
  "version": "1.0.3",
  "lockfileVersion": 1,
  "requires": true,
  "dependencies": {
    "@microsoft/applicationinsights-analytics-js": {
      "version": "2.3.0",
      "resolved": "https://registry.npmjs.org/@microsoft/applicationinsights-analytics-js/-/applicationinsights-analytics-js-2.3.0.tgz",
      "integrity": "sha512-mgGJGVoXzvfYi//BOPK3BrN3kqiJsFmydhwH6/QQAavzv3EvttLCiXNqzNjbx7gzNzamIoRNd1VjbHcpVmYP/g==",
      "requires": {
        "@microsoft/applicationinsights-common": "2.3.0",
        "@microsoft/applicationinsights-core-js": "2.3.0",
        "tslib": "^1.9.3"
      }
    },
    "@microsoft/applicationinsights-channel-js": {
      "version": "2.3.0",
      "resolved": "https://registry.npmjs.org/@microsoft/applicationinsights-channel-js/-/applicationinsights-channel-js-2.3.0.tgz",
      "integrity": "sha512-cKCBEuw3BUoQPKKLjv9BjS0K2cgf0yAtNBA87MvKdvJg2fPvcJqVNyJyXKySMAMf8ZFOuO4qGHQ7nazl1DGJvQ==",
      "requires": {
        "@microsoft/applicationinsights-common": "2.3.0",
        "@microsoft/applicationinsights-core-js": "2.3.0",
        "tslib": "^1.9.3"
      }
    },
    "@microsoft/applicationinsights-common": {
      "version": "2.3.0",
      "resolved": "https://registry.npmjs.org/@microsoft/applicationinsights-common/-/applicationinsights-common-2.3.0.tgz",
      "integrity": "sha512-qbM5HFds4NIMwa5+kP5irP3zAHpgS5xLCg+wTMMBKAj/tUsb9FaeYozlZBKKln0ld8AyKy6tlho+12eaQ/iFXQ==",
      "requires": {
        "@microsoft/applicationinsights-core-js": "2.3.0",
        "tslib": "^1.9.3"
      }
    },
    "@microsoft/applicationinsights-core-js": {
      "version": "2.3.0",
      "resolved": "https://registry.npmjs.org/@microsoft/applicationinsights-core-js/-/applicationinsights-core-js-2.3.0.tgz",
      "integrity": "sha512-waB5snXI7eoajAl3C9qdYfe4fN1haTE4wHnz0ga0hj7DRckimMex3TrtfvYTJRkY17bhTM5Z9N0MFjJ+JC3fIA==",
      "requires": {
        "tslib": "^1.9.3"
      }
    },
    "@microsoft/applicationinsights-dependencies-js": {
      "version": "2.3.0",
      "resolved": "https://registry.npmjs.org/@microsoft/applicationinsights-dependencies-js/-/applicationinsights-dependencies-js-2.3.0.tgz",
      "integrity": "sha512-+ry39j2ngu8b/fYO9LkeKSfl2bC8Um0L5RSkBDnRH/+LLWNC66/G4T1JdnJATgbLOyCUWE2A06usEVV/uQzClA==",
      "requires": {
        "@microsoft/applicationinsights-common": "2.3.0",
        "@microsoft/applicationinsights-core-js": "2.3.0",
        "tslib": "^1.9.3"
      }
    },
    "@microsoft/applicationinsights-properties-js": {
      "version": "2.3.0",
      "resolved": "https://registry.npmjs.org/@microsoft/applicationinsights-properties-js/-/applicationinsights-properties-js-2.3.0.tgz",
      "integrity": "sha512-WgvjiMLXA9scERGxdYdUOpOZrg6x5wKyDm37waTkeqjQ1H71+25o9XDLktgTsgKqOa+bMoQrPtm7W1/Gs0T6Og==",
      "requires": {
        "@microsoft/applicationinsights-common": "2.3.0",
        "@microsoft/applicationinsights-core-js": "2.3.0",
        "tslib": "^1.9.3"
      }
    },
    "@microsoft/applicationinsights-web": {
      "version": "2.3.0",
      "resolved": "https://registry.npmjs.org/@microsoft/applicationinsights-web/-/applicationinsights-web-2.3.0.tgz",
      "integrity": "sha512-srwaw5fqcURB5B6dt4a4klk1lu2NI4JRS4nao/jnPSp0PBYGgylcuYH+QrZQoX6khPo1shOG5Jt9XG7EER0XxQ==",
      "requires": {
        "@microsoft/applicationinsights-analytics-js": "2.3.0",
        "@microsoft/applicationinsights-channel-js": "2.3.0",
        "@microsoft/applicationinsights-common": "2.3.0",
        "@microsoft/applicationinsights-core-js": "2.3.0",
        "@microsoft/applicationinsights-dependencies-js": "2.3.0",
        "@microsoft/applicationinsights-properties-js": "2.3.0"
      }
    },
    "tslib": {
      "version": "1.10.0",
      "resolved": "https://registry.npmjs.org/tslib/-/tslib-1.10.0.tgz",
      "integrity": "sha512-qOebF53frne81cf0S9B41ByenJ3/IuH8yJKngAX35CmiZySA0khhkovshKK+jGCaMnVomla7gVlIcc3EvKPbTQ=="
    }
  }
}
